
Microsoft Visual Studio Solution File, Format Version 12.00
# Visual Studio Version 16
VisualStudioVersion = 16.0.30011.22
MinimumVisualStudioVersion = 10.0.40219.1
Project("{2150E333-8FDC-42A3-9474-1A3956D46DE8}") = "Source", "Source", "{13B26494-F93B-4DCF-9586-A3F755E29B57}"
EndProject
Project("{2150E333-8FDC-42A3-9474-1A3956D46DE8}") = "Domain", "Domain", "{699B62D0-C014-4100-8A45-0972D5B8E6EE}"
EndProject
Project("{2150E333-8FDC-42A3-9474-1A3956D46DE8}") = "Infrastructure", "Infrastructure", "{095354FE-7C97-4542-AE44-BBC549A36131}"
EndProject
Project("{FAE04EC0-301F-11D3-BF4B-00C04F79EFBC}") = "Infrastructure.Data.SQLite", "Source\Infrastructure.Linked\Infrastructure.Data.SQLite\Infrastructure.Data.SQLite.csproj", "{748DD107-0F44-469F-8904-59E83A846E5A}"
EndProject
Project("{9A19103F-16F7-4668-BE54-9A1E7A4F7556}") = "Domain.DataModel.Base", "Common\Core\Base\Domain.DataModel.Base\Domain.DataModel.Base.csproj", "{7BCAC03E-3B65-4CF4-9EBB-4EF353276D1C}"
EndProject
Project("{9A19103F-16F7-4668-BE54-9A1E7A4F7556}") = "Domain.Services.Base", "Common\Core\Base\Domain.Services.Base\Domain.Services.Base.csproj", "{9C38D897-021B-4743-92E4-AE9C0252D17F}"
EndProject
Project("{9A19103F-16F7-4668-BE54-9A1E7A4F7556}") = "Domain.DataModel.Loyalty", "Common\Core\Loyalty\Domain.DataModel.Loyalty\Domain.DataModel.Loyalty.csproj", "{36A6FDFB-59D3-4618-92DD-0DEB8B6AB501}"
EndProject
Project("{9A19103F-16F7-4668-BE54-9A1E7A4F7556}") = "Domain.Services.Loyalty", "Common\Core\Loyalty\Domain.Services.Loyalty\Domain.Services.Loyalty.csproj", "{1BE9DD18-AFAF-4F25-A62D-E6BF109C180F}"
EndProject
Project("{9A19103F-16F7-4668-BE54-9A1E7A4F7556}") = "Infrastructure.Data.Omniservice.Loyalty", "Common\Core\Loyalty\Infrastructure.Data.Omniservice.Loyalty\Infrastructure.Data.Omniservice.Loyalty.csproj", "{D007C2F6-6B6B-40A7-AF96-1AE94BCC0598}"
EndProject
Project("{9A19103F-16F7-4668-BE54-9A1E7A4F7556}") = "Infrastructure.Data.Omniservice", "Common\Core\Base\Infrastructure.Data.Omniservice\Infrastructure.Data.Omniservice.csproj", "{8DD497E3-7563-41C0-8543-0163F5702591}"
EndProject
Project("{9A19103F-16F7-4668-BE54-9A1E7A4F7556}") = "FormsLoyalty", "FormsLoyalty\FormsLoyalty\FormsLoyalty.csproj", "{A1AD8F6A-45F0-428E-80FA-C0E39103E672}"
EndProject
Project("{FAE04EC0-301F-11D3-BF4B-00C04F79EFBC}") = "FormsLoyalty.Android", "FormsLoyalty\FormsLoyalty.Android\FormsLoyalty.Android.csproj", "{84B05708-5254-43AC-9BD8-4C290995F8A8}"
EndProject
Project("{FAE04EC0-301F-11D3-BF4B-00C04F79EFBC}") = "FormsLoyalty.iOS", "FormsLoyalty\FormsLoyalty.iOS\FormsLoyalty.iOS.csproj", "{123307E4-3BD5-4B78-ABFC-3375FA0E356D}"
EndProject
Global
	GlobalSection(SolutionConfigurationPlatforms) = preSolution
		Ad-Hoc|Any CPU = Ad-Hoc|Any CPU
		Ad-Hoc|ARM = Ad-Hoc|ARM
		Ad-Hoc|iPhone = Ad-Hoc|iPhone
		Ad-Hoc|iPhoneSimulator = Ad-Hoc|iPhoneSimulator
		Ad-Hoc|x64 = Ad-Hoc|x64
		Ad-Hoc|x86 = Ad-Hoc|x86
		AppStore|Any CPU = AppStore|Any CPU
		AppStore|ARM = AppStore|ARM
		AppStore|iPhone = AppStore|iPhone
		AppStore|iPhoneSimulator = AppStore|iPhoneSimulator
		AppStore|x64 = AppStore|x64
		AppStore|x86 = AppStore|x86
		Debug|Any CPU = Debug|Any CPU
		Debug|ARM = Debug|ARM
		Debug|iPhone = Debug|iPhone
		Debug|iPhoneSimulator = Debug|iPhoneSimulator
		Debug|x64 = Debug|x64
		Debug|x86 = Debug|x86
		PlayStoreRelease|Any CPU = PlayStoreRelease|Any CPU
		PlayStoreRelease|ARM = PlayStoreRelease|ARM
		PlayStoreRelease|iPhone = PlayStoreRelease|iPhone
		PlayStoreRelease|iPhoneSimulator = PlayStoreRelease|iPhoneSimulator
		PlayStoreRelease|x64 = PlayStoreRelease|x64
		PlayStoreRelease|x86 = PlayStoreRelease|x86
		Release|Any CPU = Release|Any CPU
		Release|ARM = Release|ARM
		Release|iPhone = Release|iPhone
		Release|iPhoneSimulator = Release|iPhoneSimulator
		Release|x64 = Release|x64
		Release|x86 = Release|x86
	EndGlobalSection
	GlobalSection(ProjectConfigurationPlatforms) = postSolution
		{748DD107-0F44-469F-8904-59E83A846E5A}.Ad-Hoc|Any CPU.ActiveCfg = Release|Any CPU
		{748DD107-0F44-469F-8904-59E83A846E5A}.Ad-Hoc|Any CPU.Build.0 = Release|Any CPU
		{748DD107-0F44-469F-8904-59E83A846E5A}.Ad-Hoc|ARM.ActiveCfg = Release|Any CPU
		{748DD107-0F44-469F-8904-59E83A846E5A}.Ad-Hoc|ARM.Build.0 = Release|Any CPU
		{748DD107-0F44-469F-8904-59E83A846E5A}.Ad-Hoc|iPhone.ActiveCfg = Release|Any CPU
		{748DD107-0F44-469F-8904-59E83A846E5A}.Ad-Hoc|iPhone.Build.0 = Release|Any CPU
		{748DD107-0F44-469F-8904-59E83A846E5A}.Ad-Hoc|iPhoneSimulator.ActiveCfg = Release|Any CPU
		{748DD107-0F44-469F-8904-59E83A846E5A}.Ad-Hoc|iPhoneSimulator.Build.0 = Release|Any CPU
		{748DD107-0F44-469F-8904-59E83A846E5A}.Ad-Hoc|x64.ActiveCfg = Release|Any CPU
		{748DD107-0F44-469F-8904-59E83A846E5A}.Ad-Hoc|x64.Build.0 = Release|Any CPU
		{748DD107-0F44-469F-8904-59E83A846E5A}.Ad-Hoc|x86.ActiveCfg = Release|Any CPU
		{748DD107-0F44-469F-8904-59E83A846E5A}.Ad-Hoc|x86.Build.0 = Release|Any CPU
		{748DD107-0F44-469F-8904-59E83A846E5A}.AppStore|Any CPU.ActiveCfg = Release|Any CPU
		{748DD107-0F44-469F-8904-59E83A846E5A}.AppStore|Any CPU.Build.0 = Release|Any CPU
		{748DD107-0F44-469F-8904-59E83A846E5A}.AppStore|ARM.ActiveCfg = Release|Any CPU
		{748DD107-0F44-469F-8904-59E83A846E5A}.AppStore|ARM.Build.0 = Release|Any CPU
		{748DD107-0F44-469F-8904-59E83A846E5A}.AppStore|iPhone.ActiveCfg = Release|Any CPU
		{748DD107-0F44-469F-8904-59E83A846E5A}.AppStore|iPhone.Build.0 = Release|Any CPU
		{748DD107-0F44-469F-8904-59E83A846E5A}.AppStore|iPhoneSimulator.ActiveCfg = Release|Any CPU
		{748DD107-0F44-469F-8904-59E83A846E5A}.AppStore|iPhoneSimulator.Build.0 = Release|Any CPU
		{748DD107-0F44-469F-8904-59E83A846E5A}.AppStore|x64.ActiveCfg = Release|Any CPU
		{748DD107-0F44-469F-8904-59E83A846E5A}.AppStore|x64.Build.0 = Release|Any CPU
		{748DD107-0F44-469F-8904-59E83A846E5A}.AppStore|x86.ActiveCfg = Release|Any CPU
		{748DD107-0F44-469F-8904-59E83A846E5A}.AppStore|x86.Build.0 = Release|Any CPU
		{748DD107-0F44-469F-8904-59E83A846E5A}.Debug|Any CPU.ActiveCfg = Debug|Any CPU
		{748DD107-0F44-469F-8904-59E83A846E5A}.Debug|Any CPU.Build.0 = Debug|Any CPU
		{748DD107-0F44-469F-8904-59E83A846E5A}.Debug|Any CPU.Deploy.0 = Debug|Any CPU
		{748DD107-0F44-469F-8904-59E83A846E5A}.Debug|ARM.ActiveCfg = Debug|Any CPU
		{748DD107-0F44-469F-8904-59E83A846E5A}.Debug|ARM.Build.0 = Debug|Any CPU
		{748DD107-0F44-469F-8904-59E83A846E5A}.Debug|iPhone.ActiveCfg = Debug|Any CPU
		{748DD107-0F44-469F-8904-59E83A846E5A}.Debug|iPhone.Build.0 = Debug|Any CPU
		{748DD107-0F44-469F-8904-59E83A846E5A}.Debug|iPhoneSimulator.ActiveCfg = Debug|Any CPU
		{748DD107-0F44-469F-8904-59E83A846E5A}.Debug|iPhoneSimulator.Build.0 = Debug|Any CPU
		{748DD107-0F44-469F-8904-59E83A846E5A}.Debug|x64.ActiveCfg = Debug|Any CPU
		{748DD107-0F44-469F-8904-59E83A846E5A}.Debug|x64.Build.0 = Debug|Any CPU
		{748DD107-0F44-469F-8904-59E83A846E5A}.Debug|x86.ActiveCfg = Debug|Any CPU
		{748DD107-0F44-469F-8904-59E83A846E5A}.Debug|x86.Build.0 = Debug|Any CPU
		{748DD107-0F44-469F-8904-59E83A846E5A}.PlayStoreRelease|Any CPU.ActiveCfg = PlayStoreRelease|Any CPU
		{748DD107-0F44-469F-8904-59E83A846E5A}.PlayStoreRelease|Any CPU.Build.0 = PlayStoreRelease|Any CPU
		{748DD107-0F44-469F-8904-59E83A846E5A}.PlayStoreRelease|ARM.ActiveCfg = PlayStoreRelease|Any CPU
		{748DD107-0F44-469F-8904-59E83A846E5A}.PlayStoreRelease|ARM.Build.0 = PlayStoreRelease|Any CPU
		{748DD107-0F44-469F-8904-59E83A846E5A}.PlayStoreRelease|iPhone.ActiveCfg = PlayStoreRelease|Any CPU
		{748DD107-0F44-469F-8904-59E83A846E5A}.PlayStoreRelease|iPhone.Build.0 = PlayStoreRelease|Any CPU
		{748DD107-0F44-469F-8904-59E83A846E5A}.PlayStoreRelease|iPhoneSimulator.ActiveCfg = PlayStoreRelease|Any CPU
		{748DD107-0F44-469F-8904-59E83A846E5A}.PlayStoreRelease|iPhoneSimulator.Build.0 = PlayStoreRelease|Any CPU
		{748DD107-0F44-469F-8904-59E83A846E5A}.PlayStoreRelease|x64.ActiveCfg = PlayStoreRelease|Any CPU
		{748DD107-0F44-469F-8904-59E83A846E5A}.PlayStoreRelease|x64.Build.0 = PlayStoreRelease|Any CPU
		{748DD107-0F44-469F-8904-59E83A846E5A}.PlayStoreRelease|x86.ActiveCfg = PlayStoreRelease|Any CPU
		{748DD107-0F44-469F-8904-59E83A846E5A}.PlayStoreRelease|x86.Build.0 = PlayStoreRelease|Any CPU
		{748DD107-0F44-469F-8904-59E83A846E5A}.Release|Any CPU.ActiveCfg = Release|Any CPU
		{748DD107-0F44-469F-8904-59E83A846E5A}.Release|Any CPU.Build.0 = Release|Any CPU
		{748DD107-0F44-469F-8904-59E83A846E5A}.Release|ARM.ActiveCfg = Release|Any CPU
		{748DD107-0F44-469F-8904-59E83A846E5A}.Release|ARM.Build.0 = Release|Any CPU
		{748DD107-0F44-469F-8904-59E83A846E5A}.Release|iPhone.ActiveCfg = Release|Any CPU
		{748DD107-0F44-469F-8904-59E83A846E5A}.Release|iPhone.Build.0 = Release|Any CPU
		{748DD107-0F44-469F-8904-59E83A846E5A}.Release|iPhoneSimulator.ActiveCfg = Release|Any CPU
		{748DD107-0F44-469F-8904-59E83A846E5A}.Release|iPhoneSimulator.Build.0 = Release|Any CPU
		{748DD107-0F44-469F-8904-59E83A846E5A}.Release|x64.ActiveCfg = Release|Any CPU
		{748DD107-0F44-469F-8904-59E83A846E5A}.Release|x64.Build.0 = Release|Any CPU
		{748DD107-0F44-469F-8904-59E83A846E5A}.Release|x86.ActiveCfg = Release|Any CPU
		{748DD107-0F44-469F-8904-59E83A846E5A}.Release|x86.Build.0 = Release|Any CPU
		{7BCAC03E-3B65-4CF4-9EBB-4EF353276D1C}.Ad-Hoc|Any CPU.ActiveCfg = Release|Any CPU
		{7BCAC03E-3B65-4CF4-9EBB-4EF353276D1C}.Ad-Hoc|Any CPU.Build.0 = Release|Any CPU
		{7BCAC03E-3B65-4CF4-9EBB-4EF353276D1C}.Ad-Hoc|ARM.ActiveCfg = Release|Any CPU
		{7BCAC03E-3B65-4CF4-9EBB-4EF353276D1C}.Ad-Hoc|ARM.Build.0 = Release|Any CPU
		{7BCAC03E-3B65-4CF4-9EBB-4EF353276D1C}.Ad-Hoc|iPhone.ActiveCfg = Release|Any CPU
		{7BCAC03E-3B65-4CF4-9EBB-4EF353276D1C}.Ad-Hoc|iPhone.Build.0 = Release|Any CPU
		{7BCAC03E-3B65-4CF4-9EBB-4EF353276D1C}.Ad-Hoc|iPhoneSimulator.ActiveCfg = Release|Any CPU
		{7BCAC03E-3B65-4CF4-9EBB-4EF353276D1C}.Ad-Hoc|iPhoneSimulator.Build.0 = Release|Any CPU
		{7BCAC03E-3B65-4CF4-9EBB-4EF353276D1C}.Ad-Hoc|x64.ActiveCfg = Release|Any CPU
		{7BCAC03E-3B65-4CF4-9EBB-4EF353276D1C}.Ad-Hoc|x64.Build.0 = Release|Any CPU
		{7BCAC03E-3B65-4CF4-9EBB-4EF353276D1C}.Ad-Hoc|x86.ActiveCfg = Release|Any CPU
		{7BCAC03E-3B65-4CF4-9EBB-4EF353276D1C}.Ad-Hoc|x86.Build.0 = Release|Any CPU
		{7BCAC03E-3B65-4CF4-9EBB-4EF353276D1C}.AppStore|Any CPU.ActiveCfg = Release|Any CPU
		{7BCAC03E-3B65-4CF4-9EBB-4EF353276D1C}.AppStore|Any CPU.Build.0 = Release|Any CPU
		{7BCAC03E-3B65-4CF4-9EBB-4EF353276D1C}.AppStore|ARM.ActiveCfg = Release|Any CPU
		{7BCAC03E-3B65-4CF4-9EBB-4EF353276D1C}.AppStore|ARM.Build.0 = Release|Any CPU
		{7BCAC03E-3B65-4CF4-9EBB-4EF353276D1C}.AppStore|iPhone.ActiveCfg = Release|Any CPU
		{7BCAC03E-3B65-4CF4-9EBB-4EF353276D1C}.AppStore|iPhone.Build.0 = Release|Any CPU
		{7BCAC03E-3B65-4CF4-9EBB-4EF353276D1C}.AppStore|iPhoneSimulator.ActiveCfg = Release|Any CPU
		{7BCAC03E-3B65-4CF4-9EBB-4EF353276D1C}.AppStore|iPhoneSimulator.Build.0 = Release|Any CPU
		{7BCAC03E-3B65-4CF4-9EBB-4EF353276D1C}.AppStore|x64.ActiveCfg = Release|Any CPU
		{7BCAC03E-3B65-4CF4-9EBB-4EF353276D1C}.AppStore|x64.Build.0 = Release|Any CPU
		{7BCAC03E-3B65-4CF4-9EBB-4EF353276D1C}.AppStore|x86.ActiveCfg = Release|Any CPU
		{7BCAC03E-3B65-4CF4-9EBB-4EF353276D1C}.AppStore|x86.Build.0 = Release|Any CPU
		{7BCAC03E-3B65-4CF4-9EBB-4EF353276D1C}.Debug|Any CPU.ActiveCfg = Debug|Any CPU
		{7BCAC03E-3B65-4CF4-9EBB-4EF353276D1C}.Debug|Any CPU.Build.0 = Debug|Any CPU
		{7BCAC03E-3B65-4CF4-9EBB-4EF353276D1C}.Debug|ARM.ActiveCfg = Debug|Any CPU
		{7BCAC03E-3B65-4CF4-9EBB-4EF353276D1C}.Debug|ARM.Build.0 = Debug|Any CPU
		{7BCAC03E-3B65-4CF4-9EBB-4EF353276D1C}.Debug|iPhone.ActiveCfg = Debug|Any CPU
		{7BCAC03E-3B65-4CF4-9EBB-4EF353276D1C}.Debug|iPhone.Build.0 = Debug|Any CPU
		{7BCAC03E-3B65-4CF4-9EBB-4EF353276D1C}.Debug|iPhoneSimulator.ActiveCfg = Debug|Any CPU
		{7BCAC03E-3B65-4CF4-9EBB-4EF353276D1C}.Debug|iPhoneSimulator.Build.0 = Debug|Any CPU
		{7BCAC03E-3B65-4CF4-9EBB-4EF353276D1C}.Debug|x64.ActiveCfg = Debug|Any CPU
		{7BCAC03E-3B65-4CF4-9EBB-4EF353276D1C}.Debug|x64.Build.0 = Debug|Any CPU
		{7BCAC03E-3B65-4CF4-9EBB-4EF353276D1C}.Debug|x86.ActiveCfg = Debug|Any CPU
		{7BCAC03E-3B65-4CF4-9EBB-4EF353276D1C}.Debug|x86.Build.0 = Debug|Any CPU
		{7BCAC03E-3B65-4CF4-9EBB-4EF353276D1C}.PlayStoreRelease|Any CPU.ActiveCfg = Release|Any CPU
		{7BCAC03E-3B65-4CF4-9EBB-4EF353276D1C}.PlayStoreRelease|Any CPU.Build.0 = Release|Any CPU
		{7BCAC03E-3B65-4CF4-9EBB-4EF353276D1C}.PlayStoreRelease|ARM.ActiveCfg = Release|Any CPU
		{7BCAC03E-3B65-4CF4-9EBB-4EF353276D1C}.PlayStoreRelease|ARM.Build.0 = Release|Any CPU
		{7BCAC03E-3B65-4CF4-9EBB-4EF353276D1C}.PlayStoreRelease|iPhone.ActiveCfg = Release|Any CPU
		{7BCAC03E-3B65-4CF4-9EBB-4EF353276D1C}.PlayStoreRelease|iPhone.Build.0 = Release|Any CPU
		{7BCAC03E-3B65-4CF4-9EBB-4EF353276D1C}.PlayStoreRelease|iPhoneSimulator.ActiveCfg = Release|Any CPU
		{7BCAC03E-3B65-4CF4-9EBB-4EF353276D1C}.PlayStoreRelease|iPhoneSimulator.Build.0 = Release|Any CPU
		{7BCAC03E-3B65-4CF4-9EBB-4EF353276D1C}.PlayStoreRelease|x64.ActiveCfg = Release|Any CPU
		{7BCAC03E-3B65-4CF4-9EBB-4EF353276D1C}.PlayStoreRelease|x64.Build.0 = Release|Any CPU
		{7BCAC03E-3B65-4CF4-9EBB-4EF353276D1C}.PlayStoreRelease|x86.ActiveCfg = Release|Any CPU
		{7BCAC03E-3B65-4CF4-9EBB-4EF353276D1C}.PlayStoreRelease|x86.Build.0 = Release|Any CPU
		{7BCAC03E-3B65-4CF4-9EBB-4EF353276D1C}.Release|Any CPU.ActiveCfg = Release|Any CPU
		{7BCAC03E-3B65-4CF4-9EBB-4EF353276D1C}.Release|Any CPU.Build.0 = Release|Any CPU
		{7BCAC03E-3B65-4CF4-9EBB-4EF353276D1C}.Release|ARM.ActiveCfg = Release|Any CPU
		{7BCAC03E-3B65-4CF4-9EBB-4EF353276D1C}.Release|ARM.Build.0 = Release|Any CPU
		{7BCAC03E-3B65-4CF4-9EBB-4EF353276D1C}.Release|iPhone.ActiveCfg = Release|Any CPU
		{7BCAC03E-3B65-4CF4-9EBB-4EF353276D1C}.Release|iPhone.Build.0 = Release|Any CPU
		{7BCAC03E-3B65-4CF4-9EBB-4EF353276D1C}.Release|iPhoneSimulator.ActiveCfg = Release|Any CPU
		{7BCAC03E-3B65-4CF4-9EBB-4EF353276D1C}.Release|iPhoneSimulator.Build.0 = Release|Any CPU
		{7BCAC03E-3B65-4CF4-9EBB-4EF353276D1C}.Release|x64.ActiveCfg = Release|Any CPU
		{7BCAC03E-3B65-4CF4-9EBB-4EF353276D1C}.Release|x64.Build.0 = Release|Any CPU
		{7BCAC03E-3B65-4CF4-9EBB-4EF353276D1C}.Release|x86.ActiveCfg = Release|Any CPU
		{7BCAC03E-3B65-4CF4-9EBB-4EF353276D1C}.Release|x86.Build.0 = Release|Any CPU
		{9C38D897-021B-4743-92E4-AE9C0252D17F}.Ad-Hoc|Any CPU.ActiveCfg = Release|Any CPU
		{9C38D897-021B-4743-92E4-AE9C0252D17F}.Ad-Hoc|Any CPU.Build.0 = Release|Any CPU
		{9C38D897-021B-4743-92E4-AE9C0252D17F}.Ad-Hoc|ARM.ActiveCfg = Release|Any CPU
		{9C38D897-021B-4743-92E4-AE9C0252D17F}.Ad-Hoc|ARM.Build.0 = Release|Any CPU
		{9C38D897-021B-4743-92E4-AE9C0252D17F}.Ad-Hoc|iPhone.ActiveCfg = Release|Any CPU
		{9C38D897-021B-4743-92E4-AE9C0252D17F}.Ad-Hoc|iPhone.Build.0 = Release|Any CPU
		{9C38D897-021B-4743-92E4-AE9C0252D17F}.Ad-Hoc|iPhoneSimulator.ActiveCfg = Release|Any CPU
		{9C38D897-021B-4743-92E4-AE9C0252D17F}.Ad-Hoc|iPhoneSimulator.Build.0 = Release|Any CPU
		{9C38D897-021B-4743-92E4-AE9C0252D17F}.Ad-Hoc|x64.ActiveCfg = Release|Any CPU
		{9C38D897-021B-4743-92E4-AE9C0252D17F}.Ad-Hoc|x64.Build.0 = Release|Any CPU
		{9C38D897-021B-4743-92E4-AE9C0252D17F}.Ad-Hoc|x86.ActiveCfg = Release|Any CPU
		{9C38D897-021B-4743-92E4-AE9C0252D17F}.Ad-Hoc|x86.Build.0 = Release|Any CPU
		{9C38D897-021B-4743-92E4-AE9C0252D17F}.AppStore|Any CPU.ActiveCfg = Release|Any CPU
		{9C38D897-021B-4743-92E4-AE9C0252D17F}.AppStore|Any CPU.Build.0 = Release|Any CPU
		{9C38D897-021B-4743-92E4-AE9C0252D17F}.AppStore|ARM.ActiveCfg = Release|Any CPU
		{9C38D897-021B-4743-92E4-AE9C0252D17F}.AppStore|ARM.Build.0 = Release|Any CPU
		{9C38D897-021B-4743-92E4-AE9C0252D17F}.AppStore|iPhone.ActiveCfg = Release|Any CPU
		{9C38D897-021B-4743-92E4-AE9C0252D17F}.AppStore|iPhone.Build.0 = Release|Any CPU
		{9C38D897-021B-4743-92E4-AE9C0252D17F}.AppStore|iPhoneSimulator.ActiveCfg = Release|Any CPU
		{9C38D897-021B-4743-92E4-AE9C0252D17F}.AppStore|iPhoneSimulator.Build.0 = Release|Any CPU
		{9C38D897-021B-4743-92E4-AE9C0252D17F}.AppStore|x64.ActiveCfg = Release|Any CPU
		{9C38D897-021B-4743-92E4-AE9C0252D17F}.AppStore|x64.Build.0 = Release|Any CPU
		{9C38D897-021B-4743-92E4-AE9C0252D17F}.AppStore|x86.ActiveCfg = Release|Any CPU
		{9C38D897-021B-4743-92E4-AE9C0252D17F}.AppStore|x86.Build.0 = Release|Any CPU
		{9C38D897-021B-4743-92E4-AE9C0252D17F}.Debug|Any CPU.ActiveCfg = Debug|Any CPU
		{9C38D897-021B-4743-92E4-AE9C0252D17F}.Debug|Any CPU.Build.0 = Debug|Any CPU
		{9C38D897-021B-4743-92E4-AE9C0252D17F}.Debug|ARM.ActiveCfg = Debug|Any CPU
		{9C38D897-021B-4743-92E4-AE9C0252D17F}.Debug|ARM.Build.0 = Debug|Any CPU
		{9C38D897-021B-4743-92E4-AE9C0252D17F}.Debug|iPhone.ActiveCfg = Debug|Any CPU
		{9C38D897-021B-4743-92E4-AE9C0252D17F}.Debug|iPhone.Build.0 = Debug|Any CPU
		{9C38D897-021B-4743-92E4-AE9C0252D17F}.Debug|iPhoneSimulator.ActiveCfg = Debug|Any CPU
		{9C38D897-021B-4743-92E4-AE9C0252D17F}.Debug|iPhoneSimulator.Build.0 = Debug|Any CPU
		{9C38D897-021B-4743-92E4-AE9C0252D17F}.Debug|x64.ActiveCfg = Debug|Any CPU
		{9C38D897-021B-4743-92E4-AE9C0252D17F}.Debug|x64.Build.0 = Debug|Any CPU
		{9C38D897-021B-4743-92E4-AE9C0252D17F}.Debug|x86.ActiveCfg = Debug|Any CPU
		{9C38D897-021B-4743-92E4-AE9C0252D17F}.Debug|x86.Build.0 = Debug|Any CPU
		{9C38D897-021B-4743-92E4-AE9C0252D17F}.PlayStoreRelease|Any CPU.ActiveCfg = Release|Any CPU
		{9C38D897-021B-4743-92E4-AE9C0252D17F}.PlayStoreRelease|Any CPU.Build.0 = Release|Any CPU
		{9C38D897-021B-4743-92E4-AE9C0252D17F}.PlayStoreRelease|ARM.ActiveCfg = Release|Any CPU
		{9C38D897-021B-4743-92E4-AE9C0252D17F}.PlayStoreRelease|ARM.Build.0 = Release|Any CPU
		{9C38D897-021B-4743-92E4-AE9C0252D17F}.PlayStoreRelease|iPhone.ActiveCfg = Release|Any CPU
		{9C38D897-021B-4743-92E4-AE9C0252D17F}.PlayStoreRelease|iPhone.Build.0 = Release|Any CPU
		{9C38D897-021B-4743-92E4-AE9C0252D17F}.PlayStoreRelease|iPhoneSimulator.ActiveCfg = Release|Any CPU
		{9C38D897-021B-4743-92E4-AE9C0252D17F}.PlayStoreRelease|iPhoneSimulator.Build.0 = Release|Any CPU
		{9C38D897-021B-4743-92E4-AE9C0252D17F}.PlayStoreRelease|x64.ActiveCfg = Release|Any CPU
		{9C38D897-021B-4743-92E4-AE9C0252D17F}.PlayStoreRelease|x64.Build.0 = Release|Any CPU
		{9C38D897-021B-4743-92E4-AE9C0252D17F}.PlayStoreRelease|x86.ActiveCfg = Release|Any CPU
		{9C38D897-021B-4743-92E4-AE9C0252D17F}.PlayStoreRelease|x86.Build.0 = Release|Any CPU
		{9C38D897-021B-4743-92E4-AE9C0252D17F}.Release|Any CPU.ActiveCfg = Release|Any CPU
		{9C38D897-021B-4743-92E4-AE9C0252D17F}.Release|Any CPU.Build.0 = Release|Any CPU
		{9C38D897-021B-4743-92E4-AE9C0252D17F}.Release|ARM.ActiveCfg = Release|Any CPU
		{9C38D897-021B-4743-92E4-AE9C0252D17F}.Release|ARM.Build.0 = Release|Any CPU
		{9C38D897-021B-4743-92E4-AE9C0252D17F}.Release|iPhone.ActiveCfg = Release|Any CPU
		{9C38D897-021B-4743-92E4-AE9C0252D17F}.Release|iPhone.Build.0 = Release|Any CPU
		{9C38D897-021B-4743-92E4-AE9C0252D17F}.Release|iPhoneSimulator.ActiveCfg = Release|Any CPU
		{9C38D897-021B-4743-92E4-AE9C0252D17F}.Release|iPhoneSimulator.Build.0 = Release|Any CPU
		{9C38D897-021B-4743-92E4-AE9C0252D17F}.Release|x64.ActiveCfg = Release|Any CPU
		{9C38D897-021B-4743-92E4-AE9C0252D17F}.Release|x64.Build.0 = Release|Any CPU
		{9C38D897-021B-4743-92E4-AE9C0252D17F}.Release|x86.ActiveCfg = Release|Any CPU
		{9C38D897-021B-4743-92E4-AE9C0252D17F}.Release|x86.Build.0 = Release|Any CPU
		{36A6FDFB-59D3-4618-92DD-0DEB8B6AB501}.Ad-Hoc|Any CPU.ActiveCfg = Release|Any CPU
		{36A6FDFB-59D3-4618-92DD-0DEB8B6AB501}.Ad-Hoc|Any CPU.Build.0 = Release|Any CPU
		{36A6FDFB-59D3-4618-92DD-0DEB8B6AB501}.Ad-Hoc|ARM.ActiveCfg = Release|Any CPU
		{36A6FDFB-59D3-4618-92DD-0DEB8B6AB501}.Ad-Hoc|ARM.Build.0 = Release|Any CPU
		{36A6FDFB-59D3-4618-92DD-0DEB8B6AB501}.Ad-Hoc|iPhone.ActiveCfg = Release|Any CPU
		{36A6FDFB-59D3-4618-92DD-0DEB8B6AB501}.Ad-Hoc|iPhone.Build.0 = Release|Any CPU
		{36A6FDFB-59D3-4618-92DD-0DEB8B6AB501}.Ad-Hoc|iPhoneSimulator.ActiveCfg = Release|Any CPU
		{36A6FDFB-59D3-4618-92DD-0DEB8B6AB501}.Ad-Hoc|iPhoneSimulator.Build.0 = Release|Any CPU
		{36A6FDFB-59D3-4618-92DD-0DEB8B6AB501}.Ad-Hoc|x64.ActiveCfg = Release|Any CPU
		{36A6FDFB-59D3-4618-92DD-0DEB8B6AB501}.Ad-Hoc|x64.Build.0 = Release|Any CPU
		{36A6FDFB-59D3-4618-92DD-0DEB8B6AB501}.Ad-Hoc|x86.ActiveCfg = Release|Any CPU
		{36A6FDFB-59D3-4618-92DD-0DEB8B6AB501}.Ad-Hoc|x86.Build.0 = Release|Any CPU
		{36A6FDFB-59D3-4618-92DD-0DEB8B6AB501}.AppStore|Any CPU.ActiveCfg = Release|Any CPU
		{36A6FDFB-59D3-4618-92DD-0DEB8B6AB501}.AppStore|Any CPU.Build.0 = Release|Any CPU
		{36A6FDFB-59D3-4618-92DD-0DEB8B6AB501}.AppStore|ARM.ActiveCfg = Release|Any CPU
		{36A6FDFB-59D3-4618-92DD-0DEB8B6AB501}.AppStore|ARM.Build.0 = Release|Any CPU
		{36A6FDFB-59D3-4618-92DD-0DEB8B6AB501}.AppStore|iPhone.ActiveCfg = Release|Any CPU
		{36A6FDFB-59D3-4618-92DD-0DEB8B6AB501}.AppStore|iPhone.Build.0 = Release|Any CPU
		{36A6FDFB-59D3-4618-92DD-0DEB8B6AB501}.AppStore|iPhoneSimulator.ActiveCfg = Release|Any CPU
		{36A6FDFB-59D3-4618-92DD-0DEB8B6AB501}.AppStore|iPhoneSimulator.Build.0 = Release|Any CPU
		{36A6FDFB-59D3-4618-92DD-0DEB8B6AB501}.AppStore|x64.ActiveCfg = Release|Any CPU
		{36A6FDFB-59D3-4618-92DD-0DEB8B6AB501}.AppStore|x64.Build.0 = Release|Any CPU
		{36A6FDFB-59D3-4618-92DD-0DEB8B6AB501}.AppStore|x86.ActiveCfg = Release|Any CPU
		{36A6FDFB-59D3-4618-92DD-0DEB8B6AB501}.AppStore|x86.Build.0 = Release|Any CPU
		{36A6FDFB-59D3-4618-92DD-0DEB8B6AB501}.Debug|Any CPU.ActiveCfg = Debug|Any CPU
		{36A6FDFB-59D3-4618-92DD-0DEB8B6AB501}.Debug|Any CPU.Build.0 = Debug|Any CPU
		{36A6FDFB-59D3-4618-92DD-0DEB8B6AB501}.Debug|ARM.ActiveCfg = Debug|Any CPU
		{36A6FDFB-59D3-4618-92DD-0DEB8B6AB501}.Debug|ARM.Build.0 = Debug|Any CPU
		{36A6FDFB-59D3-4618-92DD-0DEB8B6AB501}.Debug|iPhone.ActiveCfg = Debug|Any CPU
		{36A6FDFB-59D3-4618-92DD-0DEB8B6AB501}.Debug|iPhone.Build.0 = Debug|Any CPU
		{36A6FDFB-59D3-4618-92DD-0DEB8B6AB501}.Debug|iPhoneSimulator.ActiveCfg = Debug|Any CPU
		{36A6FDFB-59D3-4618-92DD-0DEB8B6AB501}.Debug|iPhoneSimulator.Build.0 = Debug|Any CPU
		{36A6FDFB-59D3-4618-92DD-0DEB8B6AB501}.Debug|x64.ActiveCfg = Debug|Any CPU
		{36A6FDFB-59D3-4618-92DD-0DEB8B6AB501}.Debug|x64.Build.0 = Debug|Any CPU
		{36A6FDFB-59D3-4618-92DD-0DEB8B6AB501}.Debug|x86.ActiveCfg = Debug|Any CPU
		{36A6FDFB-59D3-4618-92DD-0DEB8B6AB501}.Debug|x86.Build.0 = Debug|Any CPU
		{36A6FDFB-59D3-4618-92DD-0DEB8B6AB501}.PlayStoreRelease|Any CPU.ActiveCfg = Release|Any CPU
		{36A6FDFB-59D3-4618-92DD-0DEB8B6AB501}.PlayStoreRelease|Any CPU.Build.0 = Release|Any CPU
		{36A6FDFB-59D3-4618-92DD-0DEB8B6AB501}.PlayStoreRelease|ARM.ActiveCfg = Release|Any CPU
		{36A6FDFB-59D3-4618-92DD-0DEB8B6AB501}.PlayStoreRelease|ARM.Build.0 = Release|Any CPU
		{36A6FDFB-59D3-4618-92DD-0DEB8B6AB501}.PlayStoreRelease|iPhone.ActiveCfg = Release|Any CPU
		{36A6FDFB-59D3-4618-92DD-0DEB8B6AB501}.PlayStoreRelease|iPhone.Build.0 = Release|Any CPU
		{36A6FDFB-59D3-4618-92DD-0DEB8B6AB501}.PlayStoreRelease|iPhoneSimulator.ActiveCfg = Release|Any CPU
		{36A6FDFB-59D3-4618-92DD-0DEB8B6AB501}.PlayStoreRelease|iPhoneSimulator.Build.0 = Release|Any CPU
		{36A6FDFB-59D3-4618-92DD-0DEB8B6AB501}.PlayStoreRelease|x64.ActiveCfg = Release|Any CPU
		{36A6FDFB-59D3-4618-92DD-0DEB8B6AB501}.PlayStoreRelease|x64.Build.0 = Release|Any CPU
		{36A6FDFB-59D3-4618-92DD-0DEB8B6AB501}.PlayStoreRelease|x86.ActiveCfg = Release|Any CPU
		{36A6FDFB-59D3-4618-92DD-0DEB8B6AB501}.PlayStoreRelease|x86.Build.0 = Release|Any CPU
		{36A6FDFB-59D3-4618-92DD-0DEB8B6AB501}.Release|Any CPU.ActiveCfg = Release|Any CPU
		{36A6FDFB-59D3-4618-92DD-0DEB8B6AB501}.Release|Any CPU.Build.0 = Release|Any CPU
		{36A6FDFB-59D3-4618-92DD-0DEB8B6AB501}.Release|ARM.ActiveCfg = Release|Any CPU
		{36A6FDFB-59D3-4618-92DD-0DEB8B6AB501}.Release|ARM.Build.0 = Release|Any CPU
		{36A6FDFB-59D3-4618-92DD-0DEB8B6AB501}.Release|iPhone.ActiveCfg = Release|Any CPU
		{36A6FDFB-59D3-4618-92DD-0DEB8B6AB501}.Release|iPhone.Build.0 = Release|Any CPU
		{36A6FDFB-59D3-4618-92DD-0DEB8B6AB501}.Release|iPhoneSimulator.ActiveCfg = Release|Any CPU
		{36A6FDFB-59D3-4618-92DD-0DEB8B6AB501}.Release|iPhoneSimulator.Build.0 = Release|Any CPU
		{36A6FDFB-59D3-4618-92DD-0DEB8B6AB501}.Release|x64.ActiveCfg = Release|Any CPU
		{36A6FDFB-59D3-4618-92DD-0DEB8B6AB501}.Release|x64.Build.0 = Release|Any CPU
		{36A6FDFB-59D3-4618-92DD-0DEB8B6AB501}.Release|x86.ActiveCfg = Release|Any CPU
		{36A6FDFB-59D3-4618-92DD-0DEB8B6AB501}.Release|x86.Build.0 = Release|Any CPU
		{1BE9DD18-AFAF-4F25-A62D-E6BF109C180F}.Ad-Hoc|Any CPU.ActiveCfg = Release|Any CPU
		{1BE9DD18-AFAF-4F25-A62D-E6BF109C180F}.Ad-Hoc|Any CPU.Build.0 = Release|Any CPU
		{1BE9DD18-AFAF-4F25-A62D-E6BF109C180F}.Ad-Hoc|ARM.ActiveCfg = Release|Any CPU
		{1BE9DD18-AFAF-4F25-A62D-E6BF109C180F}.Ad-Hoc|ARM.Build.0 = Release|Any CPU
		{1BE9DD18-AFAF-4F25-A62D-E6BF109C180F}.Ad-Hoc|iPhone.ActiveCfg = Release|Any CPU
		{1BE9DD18-AFAF-4F25-A62D-E6BF109C180F}.Ad-Hoc|iPhone.Build.0 = Release|Any CPU
		{1BE9DD18-AFAF-4F25-A62D-E6BF109C180F}.Ad-Hoc|iPhoneSimulator.ActiveCfg = Release|Any CPU
		{1BE9DD18-AFAF-4F25-A62D-E6BF109C180F}.Ad-Hoc|iPhoneSimulator.Build.0 = Release|Any CPU
		{1BE9DD18-AFAF-4F25-A62D-E6BF109C180F}.Ad-Hoc|x64.ActiveCfg = Release|Any CPU
		{1BE9DD18-AFAF-4F25-A62D-E6BF109C180F}.Ad-Hoc|x64.Build.0 = Release|Any CPU
		{1BE9DD18-AFAF-4F25-A62D-E6BF109C180F}.Ad-Hoc|x86.ActiveCfg = Release|Any CPU
		{1BE9DD18-AFAF-4F25-A62D-E6BF109C180F}.Ad-Hoc|x86.Build.0 = Release|Any CPU
		{1BE9DD18-AFAF-4F25-A62D-E6BF109C180F}.AppStore|Any CPU.ActiveCfg = Release|Any CPU
		{1BE9DD18-AFAF-4F25-A62D-E6BF109C180F}.AppStore|Any CPU.Build.0 = Release|Any CPU
		{1BE9DD18-AFAF-4F25-A62D-E6BF109C180F}.AppStore|ARM.ActiveCfg = Release|Any CPU
		{1BE9DD18-AFAF-4F25-A62D-E6BF109C180F}.AppStore|ARM.Build.0 = Release|Any CPU
		{1BE9DD18-AFAF-4F25-A62D-E6BF109C180F}.AppStore|iPhone.ActiveCfg = Release|Any CPU
		{1BE9DD18-AFAF-4F25-A62D-E6BF109C180F}.AppStore|iPhone.Build.0 = Release|Any CPU
		{1BE9DD18-AFAF-4F25-A62D-E6BF109C180F}.AppStore|iPhoneSimulator.ActiveCfg = Release|Any CPU
		{1BE9DD18-AFAF-4F25-A62D-E6BF109C180F}.AppStore|iPhoneSimulator.Build.0 = Release|Any CPU
		{1BE9DD18-AFAF-4F25-A62D-E6BF109C180F}.AppStore|x64.ActiveCfg = Release|Any CPU
		{1BE9DD18-AFAF-4F25-A62D-E6BF109C180F}.AppStore|x64.Build.0 = Release|Any CPU
		{1BE9DD18-AFAF-4F25-A62D-E6BF109C180F}.AppStore|x86.ActiveCfg = Release|Any CPU
		{1BE9DD18-AFAF-4F25-A62D-E6BF109C180F}.AppStore|x86.Build.0 = Release|Any CPU
		{1BE9DD18-AFAF-4F25-A62D-E6BF109C180F}.Debug|Any CPU.ActiveCfg = Debug|Any CPU
		{1BE9DD18-AFAF-4F25-A62D-E6BF109C180F}.Debug|Any CPU.Build.0 = Debug|Any CPU
		{1BE9DD18-AFAF-4F25-A62D-E6BF109C180F}.Debug|ARM.ActiveCfg = Debug|Any CPU
		{1BE9DD18-AFAF-4F25-A62D-E6BF109C180F}.Debug|ARM.Build.0 = Debug|Any CPU
		{1BE9DD18-AFAF-4F25-A62D-E6BF109C180F}.Debug|iPhone.ActiveCfg = Debug|Any CPU
		{1BE9DD18-AFAF-4F25-A62D-E6BF109C180F}.Debug|iPhone.Build.0 = Debug|Any CPU
		{1BE9DD18-AFAF-4F25-A62D-E6BF109C180F}.Debug|iPhoneSimulator.ActiveCfg = Debug|Any CPU
		{1BE9DD18-AFAF-4F25-A62D-E6BF109C180F}.Debug|iPhoneSimulator.Build.0 = Debug|Any CPU
		{1BE9DD18-AFAF-4F25-A62D-E6BF109C180F}.Debug|x64.ActiveCfg = Debug|Any CPU
		{1BE9DD18-AFAF-4F25-A62D-E6BF109C180F}.Debug|x64.Build.0 = Debug|Any CPU
		{1BE9DD18-AFAF-4F25-A62D-E6BF109C180F}.Debug|x86.ActiveCfg = Debug|Any CPU
		{1BE9DD18-AFAF-4F25-A62D-E6BF109C180F}.Debug|x86.Build.0 = Debug|Any CPU
		{1BE9DD18-AFAF-4F25-A62D-E6BF109C180F}.PlayStoreRelease|Any CPU.ActiveCfg = Release|Any CPU
		{1BE9DD18-AFAF-4F25-A62D-E6BF109C180F}.PlayStoreRelease|Any CPU.Build.0 = Release|Any CPU
		{1BE9DD18-AFAF-4F25-A62D-E6BF109C180F}.PlayStoreRelease|ARM.ActiveCfg = Release|Any CPU
		{1BE9DD18-AFAF-4F25-A62D-E6BF109C180F}.PlayStoreRelease|ARM.Build.0 = Release|Any CPU
		{1BE9DD18-AFAF-4F25-A62D-E6BF109C180F}.PlayStoreRelease|iPhone.ActiveCfg = Release|Any CPU
		{1BE9DD18-AFAF-4F25-A62D-E6BF109C180F}.PlayStoreRelease|iPhone.Build.0 = Release|Any CPU
		{1BE9DD18-AFAF-4F25-A62D-E6BF109C180F}.PlayStoreRelease|iPhoneSimulator.ActiveCfg = Release|Any CPU
		{1BE9DD18-AFAF-4F25-A62D-E6BF109C180F}.PlayStoreRelease|iPhoneSimulator.Build.0 = Release|Any CPU
		{1BE9DD18-AFAF-4F25-A62D-E6BF109C180F}.PlayStoreRelease|x64.ActiveCfg = Release|Any CPU
		{1BE9DD18-AFAF-4F25-A62D-E6BF109C180F}.PlayStoreRelease|x64.Build.0 = Release|Any CPU
		{1BE9DD18-AFAF-4F25-A62D-E6BF109C180F}.PlayStoreRelease|x86.ActiveCfg = Release|Any CPU
		{1BE9DD18-AFAF-4F25-A62D-E6BF109C180F}.PlayStoreRelease|x86.Build.0 = Release|Any CPU
		{1BE9DD18-AFAF-4F25-A62D-E6BF109C180F}.Release|Any CPU.ActiveCfg = Release|Any CPU
		{1BE9DD18-AFAF-4F25-A62D-E6BF109C180F}.Release|Any CPU.Build.0 = Release|Any CPU
		{1BE9DD18-AFAF-4F25-A62D-E6BF109C180F}.Release|ARM.ActiveCfg = Release|Any CPU
		{1BE9DD18-AFAF-4F25-A62D-E6BF109C180F}.Release|ARM.Build.0 = Release|Any CPU
		{1BE9DD18-AFAF-4F25-A62D-E6BF109C180F}.Release|iPhone.ActiveCfg = Release|Any CPU
		{1BE9DD18-AFAF-4F25-A62D-E6BF109C180F}.Release|iPhone.Build.0 = Release|Any CPU
		{1BE9DD18-AFAF-4F25-A62D-E6BF109C180F}.Release|iPhoneSimulator.ActiveCfg = Release|Any CPU
		{1BE9DD18-AFAF-4F25-A62D-E6BF109C180F}.Release|iPhoneSimulator.Build.0 = Release|Any CPU
		{1BE9DD18-AFAF-4F25-A62D-E6BF109C180F}.Release|x64.ActiveCfg = Release|Any CPU
		{1BE9DD18-AFAF-4F25-A62D-E6BF109C180F}.Release|x64.Build.0 = Release|Any CPU
		{1BE9DD18-AFAF-4F25-A62D-E6BF109C180F}.Release|x86.ActiveCfg = Release|Any CPU
		{1BE9DD18-AFAF-4F25-A62D-E6BF109C180F}.Release|x86.Build.0 = Release|Any CPU
		{D007C2F6-6B6B-40A7-AF96-1AE94BCC0598}.Ad-Hoc|Any CPU.ActiveCfg = Release|Any CPU
		{D007C2F6-6B6B-40A7-AF96-1AE94BCC0598}.Ad-Hoc|Any CPU.Build.0 = Release|Any CPU
		{D007C2F6-6B6B-40A7-AF96-1AE94BCC0598}.Ad-Hoc|ARM.ActiveCfg = Release|Any CPU
		{D007C2F6-6B6B-40A7-AF96-1AE94BCC0598}.Ad-Hoc|ARM.Build.0 = Release|Any CPU
		{D007C2F6-6B6B-40A7-AF96-1AE94BCC0598}.Ad-Hoc|iPhone.ActiveCfg = Release|Any CPU
		{D007C2F6-6B6B-40A7-AF96-1AE94BCC0598}.Ad-Hoc|iPhone.Build.0 = Release|Any CPU
		{D007C2F6-6B6B-40A7-AF96-1AE94BCC0598}.Ad-Hoc|iPhoneSimulator.ActiveCfg = Release|Any CPU
		{D007C2F6-6B6B-40A7-AF96-1AE94BCC0598}.Ad-Hoc|iPhoneSimulator.Build.0 = Release|Any CPU
		{D007C2F6-6B6B-40A7-AF96-1AE94BCC0598}.Ad-Hoc|x64.ActiveCfg = Release|Any CPU
		{D007C2F6-6B6B-40A7-AF96-1AE94BCC0598}.Ad-Hoc|x64.Build.0 = Release|Any CPU
		{D007C2F6-6B6B-40A7-AF96-1AE94BCC0598}.Ad-Hoc|x86.ActiveCfg = Release|Any CPU
		{D007C2F6-6B6B-40A7-AF96-1AE94BCC0598}.Ad-Hoc|x86.Build.0 = Release|Any CPU
		{D007C2F6-6B6B-40A7-AF96-1AE94BCC0598}.AppStore|Any CPU.ActiveCfg = Release|Any CPU
		{D007C2F6-6B6B-40A7-AF96-1AE94BCC0598}.AppStore|Any CPU.Build.0 = Release|Any CPU
		{D007C2F6-6B6B-40A7-AF96-1AE94BCC0598}.AppStore|ARM.ActiveCfg = Release|Any CPU
		{D007C2F6-6B6B-40A7-AF96-1AE94BCC0598}.AppStore|ARM.Build.0 = Release|Any CPU
		{D007C2F6-6B6B-40A7-AF96-1AE94BCC0598}.AppStore|iPhone.ActiveCfg = Release|Any CPU
		{D007C2F6-6B6B-40A7-AF96-1AE94BCC0598}.AppStore|iPhone.Build.0 = Release|Any CPU
		{D007C2F6-6B6B-40A7-AF96-1AE94BCC0598}.AppStore|iPhoneSimulator.ActiveCfg = Release|Any CPU
		{D007C2F6-6B6B-40A7-AF96-1AE94BCC0598}.AppStore|iPhoneSimulator.Build.0 = Release|Any CPU
		{D007C2F6-6B6B-40A7-AF96-1AE94BCC0598}.AppStore|x64.ActiveCfg = Release|Any CPU
		{D007C2F6-6B6B-40A7-AF96-1AE94BCC0598}.AppStore|x64.Build.0 = Release|Any CPU
		{D007C2F6-6B6B-40A7-AF96-1AE94BCC0598}.AppStore|x86.ActiveCfg = Release|Any CPU
		{D007C2F6-6B6B-40A7-AF96-1AE94BCC0598}.AppStore|x86.Build.0 = Release|Any CPU
		{D007C2F6-6B6B-40A7-AF96-1AE94BCC0598}.Debug|Any CPU.ActiveCfg = Debug|Any CPU
		{D007C2F6-6B6B-40A7-AF96-1AE94BCC0598}.Debug|Any CPU.Build.0 = Debug|Any CPU
		{D007C2F6-6B6B-40A7-AF96-1AE94BCC0598}.Debug|ARM.ActiveCfg = Debug|Any CPU
		{D007C2F6-6B6B-40A7-AF96-1AE94BCC0598}.Debug|ARM.Build.0 = Debug|Any CPU
		{D007C2F6-6B6B-40A7-AF96-1AE94BCC0598}.Debug|iPhone.ActiveCfg = Debug|Any CPU
		{D007C2F6-6B6B-40A7-AF96-1AE94BCC0598}.Debug|iPhone.Build.0 = Debug|Any CPU
		{D007C2F6-6B6B-40A7-AF96-1AE94BCC0598}.Debug|iPhoneSimulator.ActiveCfg = Debug|Any CPU
		{D007C2F6-6B6B-40A7-AF96-1AE94BCC0598}.Debug|iPhoneSimulator.Build.0 = Debug|Any CPU
		{D007C2F6-6B6B-40A7-AF96-1AE94BCC0598}.Debug|x64.ActiveCfg = Debug|Any CPU
		{D007C2F6-6B6B-40A7-AF96-1AE94BCC0598}.Debug|x64.Build.0 = Debug|Any CPU
		{D007C2F6-6B6B-40A7-AF96-1AE94BCC0598}.Debug|x86.ActiveCfg = Debug|Any CPU
		{D007C2F6-6B6B-40A7-AF96-1AE94BCC0598}.Debug|x86.Build.0 = Debug|Any CPU
		{D007C2F6-6B6B-40A7-AF96-1AE94BCC0598}.PlayStoreRelease|Any CPU.ActiveCfg = Release|Any CPU
		{D007C2F6-6B6B-40A7-AF96-1AE94BCC0598}.PlayStoreRelease|Any CPU.Build.0 = Release|Any CPU
		{D007C2F6-6B6B-40A7-AF96-1AE94BCC0598}.PlayStoreRelease|ARM.ActiveCfg = Release|Any CPU
		{D007C2F6-6B6B-40A7-AF96-1AE94BCC0598}.PlayStoreRelease|ARM.Build.0 = Release|Any CPU
		{D007C2F6-6B6B-40A7-AF96-1AE94BCC0598}.PlayStoreRelease|iPhone.ActiveCfg = Release|Any CPU
		{D007C2F6-6B6B-40A7-AF96-1AE94BCC0598}.PlayStoreRelease|iPhone.Build.0 = Release|Any CPU
		{D007C2F6-6B6B-40A7-AF96-1AE94BCC0598}.PlayStoreRelease|iPhoneSimulator.ActiveCfg = Release|Any CPU
		{D007C2F6-6B6B-40A7-AF96-1AE94BCC0598}.PlayStoreRelease|iPhoneSimulator.Build.0 = Release|Any CPU
		{D007C2F6-6B6B-40A7-AF96-1AE94BCC0598}.PlayStoreRelease|x64.ActiveCfg = Release|Any CPU
		{D007C2F6-6B6B-40A7-AF96-1AE94BCC0598}.PlayStoreRelease|x64.Build.0 = Release|Any CPU
		{D007C2F6-6B6B-40A7-AF96-1AE94BCC0598}.PlayStoreRelease|x86.ActiveCfg = Release|Any CPU
		{D007C2F6-6B6B-40A7-AF96-1AE94BCC0598}.PlayStoreRelease|x86.Build.0 = Release|Any CPU
		{D007C2F6-6B6B-40A7-AF96-1AE94BCC0598}.Release|Any CPU.ActiveCfg = Release|Any CPU
		{D007C2F6-6B6B-40A7-AF96-1AE94BCC0598}.Release|Any CPU.Build.0 = Release|Any CPU
		{D007C2F6-6B6B-40A7-AF96-1AE94BCC0598}.Release|ARM.ActiveCfg = Release|Any CPU
		{D007C2F6-6B6B-40A7-AF96-1AE94BCC0598}.Release|ARM.Build.0 = Release|Any CPU
		{D007C2F6-6B6B-40A7-AF96-1AE94BCC0598}.Release|iPhone.ActiveCfg = Release|Any CPU
		{D007C2F6-6B6B-40A7-AF96-1AE94BCC0598}.Release|iPhone.Build.0 = Release|Any CPU
		{D007C2F6-6B6B-40A7-AF96-1AE94BCC0598}.Release|iPhoneSimulator.ActiveCfg = Release|Any CPU
		{D007C2F6-6B6B-40A7-AF96-1AE94BCC0598}.Release|iPhoneSimulator.Build.0 = Release|Any CPU
		{D007C2F6-6B6B-40A7-AF96-1AE94BCC0598}.Release|x64.ActiveCfg = Release|Any CPU
		{D007C2F6-6B6B-40A7-AF96-1AE94BCC0598}.Release|x64.Build.0 = Release|Any CPU
		{D007C2F6-6B6B-40A7-AF96-1AE94BCC0598}.Release|x86.ActiveCfg = Release|Any CPU
		{D007C2F6-6B6B-40A7-AF96-1AE94BCC0598}.Release|x86.Build.0 = Release|Any CPU
		{8DD497E3-7563-41C0-8543-0163F5702591}.Ad-Hoc|Any CPU.ActiveCfg = Release|Any CPU
		{8DD497E3-7563-41C0-8543-0163F5702591}.Ad-Hoc|Any CPU.Build.0 = Release|Any CPU
		{8DD497E3-7563-41C0-8543-0163F5702591}.Ad-Hoc|ARM.ActiveCfg = Release|Any CPU
		{8DD497E3-7563-41C0-8543-0163F5702591}.Ad-Hoc|ARM.Build.0 = Release|Any CPU
		{8DD497E3-7563-41C0-8543-0163F5702591}.Ad-Hoc|iPhone.ActiveCfg = Release|Any CPU
		{8DD497E3-7563-41C0-8543-0163F5702591}.Ad-Hoc|iPhone.Build.0 = Release|Any CPU
		{8DD497E3-7563-41C0-8543-0163F5702591}.Ad-Hoc|iPhoneSimulator.ActiveCfg = Release|Any CPU
		{8DD497E3-7563-41C0-8543-0163F5702591}.Ad-Hoc|iPhoneSimulator.Build.0 = Release|Any CPU
		{8DD497E3-7563-41C0-8543-0163F5702591}.Ad-Hoc|x64.ActiveCfg = Release|Any CPU
		{8DD497E3-7563-41C0-8543-0163F5702591}.Ad-Hoc|x64.Build.0 = Release|Any CPU
		{8DD497E3-7563-41C0-8543-0163F5702591}.Ad-Hoc|x86.ActiveCfg = Release|Any CPU
		{8DD497E3-7563-41C0-8543-0163F5702591}.Ad-Hoc|x86.Build.0 = Release|Any CPU
		{8DD497E3-7563-41C0-8543-0163F5702591}.AppStore|Any CPU.ActiveCfg = Release|Any CPU
		{8DD497E3-7563-41C0-8543-0163F5702591}.AppStore|Any CPU.Build.0 = Release|Any CPU
		{8DD497E3-7563-41C0-8543-0163F5702591}.AppStore|ARM.ActiveCfg = Release|Any CPU
		{8DD497E3-7563-41C0-8543-0163F5702591}.AppStore|ARM.Build.0 = Release|Any CPU
		{8DD497E3-7563-41C0-8543-0163F5702591}.AppStore|iPhone.ActiveCfg = Release|Any CPU
		{8DD497E3-7563-41C0-8543-0163F5702591}.AppStore|iPhone.Build.0 = Release|Any CPU
		{8DD497E3-7563-41C0-8543-0163F5702591}.AppStore|iPhoneSimulator.ActiveCfg = Release|Any CPU
		{8DD497E3-7563-41C0-8543-0163F5702591}.AppStore|iPhoneSimulator.Build.0 = Release|Any CPU
		{8DD497E3-7563-41C0-8543-0163F5702591}.AppStore|x64.ActiveCfg = Release|Any CPU
		{8DD497E3-7563-41C0-8543-0163F5702591}.AppStore|x64.Build.0 = Release|Any CPU
		{8DD497E3-7563-41C0-8543-0163F5702591}.AppStore|x86.ActiveCfg = Release|Any CPU
		{8DD497E3-7563-41C0-8543-0163F5702591}.AppStore|x86.Build.0 = Release|Any CPU
		{8DD497E3-7563-41C0-8543-0163F5702591}.Debug|Any CPU.ActiveCfg = Debug|Any CPU
		{8DD497E3-7563-41C0-8543-0163F5702591}.Debug|Any CPU.Build.0 = Debug|Any CPU
		{8DD497E3-7563-41C0-8543-0163F5702591}.Debug|ARM.ActiveCfg = Debug|Any CPU
		{8DD497E3-7563-41C0-8543-0163F5702591}.Debug|ARM.Build.0 = Debug|Any CPU
		{8DD497E3-7563-41C0-8543-0163F5702591}.Debug|iPhone.ActiveCfg = Debug|Any CPU
		{8DD497E3-7563-41C0-8543-0163F5702591}.Debug|iPhone.Build.0 = Debug|Any CPU
		{8DD497E3-7563-41C0-8543-0163F5702591}.Debug|iPhoneSimulator.ActiveCfg = Debug|Any CPU
		{8DD497E3-7563-41C0-8543-0163F5702591}.Debug|iPhoneSimulator.Build.0 = Debug|Any CPU
		{8DD497E3-7563-41C0-8543-0163F5702591}.Debug|x64.ActiveCfg = Debug|Any CPU
		{8DD497E3-7563-41C0-8543-0163F5702591}.Debug|x64.Build.0 = Debug|Any CPU
		{8DD497E3-7563-41C0-8543-0163F5702591}.Debug|x86.ActiveCfg = Debug|Any CPU
		{8DD497E3-7563-41C0-8543-0163F5702591}.Debug|x86.Build.0 = Debug|Any CPU
		{8DD497E3-7563-41C0-8543-0163F5702591}.PlayStoreRelease|Any CPU.ActiveCfg = Release|Any CPU
		{8DD497E3-7563-41C0-8543-0163F5702591}.PlayStoreRelease|Any CPU.Build.0 = Release|Any CPU
		{8DD497E3-7563-41C0-8543-0163F5702591}.PlayStoreRelease|ARM.ActiveCfg = Release|Any CPU
		{8DD497E3-7563-41C0-8543-0163F5702591}.PlayStoreRelease|ARM.Build.0 = Release|Any CPU
		{8DD497E3-7563-41C0-8543-0163F5702591}.PlayStoreRelease|iPhone.ActiveCfg = Release|Any CPU
		{8DD497E3-7563-41C0-8543-0163F5702591}.PlayStoreRelease|iPhone.Build.0 = Release|Any CPU
		{8DD497E3-7563-41C0-8543-0163F5702591}.PlayStoreRelease|iPhoneSimulator.ActiveCfg = Release|Any CPU
		{8DD497E3-7563-41C0-8543-0163F5702591}.PlayStoreRelease|iPhoneSimulator.Build.0 = Release|Any CPU
		{8DD497E3-7563-41C0-8543-0163F5702591}.PlayStoreRelease|x64.ActiveCfg = Release|Any CPU
		{8DD497E3-7563-41C0-8543-0163F5702591}.PlayStoreRelease|x64.Build.0 = Release|Any CPU
		{8DD497E3-7563-41C0-8543-0163F5702591}.PlayStoreRelease|x86.ActiveCfg = Release|Any CPU
		{8DD497E3-7563-41C0-8543-0163F5702591}.PlayStoreRelease|x86.Build.0 = Release|Any CPU
		{8DD497E3-7563-41C0-8543-0163F5702591}.Release|Any CPU.ActiveCfg = Release|Any CPU
		{8DD497E3-7563-41C0-8543-0163F5702591}.Release|Any CPU.Build.0 = Release|Any CPU
		{8DD497E3-7563-41C0-8543-0163F5702591}.Release|ARM.ActiveCfg = Release|Any CPU
		{8DD497E3-7563-41C0-8543-0163F5702591}.Release|ARM.Build.0 = Release|Any CPU
		{8DD497E3-7563-41C0-8543-0163F5702591}.Release|iPhone.ActiveCfg = Release|Any CPU
		{8DD497E3-7563-41C0-8543-0163F5702591}.Release|iPhone.Build.0 = Release|Any CPU
		{8DD497E3-7563-41C0-8543-0163F5702591}.Release|iPhoneSimulator.ActiveCfg = Release|Any CPU
		{8DD497E3-7563-41C0-8543-0163F5702591}.Release|iPhoneSimulator.Build.0 = Release|Any CPU
		{8DD497E3-7563-41C0-8543-0163F5702591}.Release|x64.ActiveCfg = Release|Any CPU
		{8DD497E3-7563-41C0-8543-0163F5702591}.Release|x64.Build.0 = Release|Any CPU
		{8DD497E3-7563-41C0-8543-0163F5702591}.Release|x86.ActiveCfg = Release|Any CPU
		{8DD497E3-7563-41C0-8543-0163F5702591}.Release|x86.Build.0 = Release|Any CPU
		{A1AD8F6A-45F0-428E-80FA-C0E39103E672}.Ad-Hoc|Any CPU.ActiveCfg = Debug|Any CPU
		{A1AD8F6A-45F0-428E-80FA-C0E39103E672}.Ad-Hoc|Any CPU.Build.0 = Debug|Any CPU
		{A1AD8F6A-45F0-428E-80FA-C0E39103E672}.Ad-Hoc|ARM.ActiveCfg = Debug|Any CPU
		{A1AD8F6A-45F0-428E-80FA-C0E39103E672}.Ad-Hoc|ARM.Build.0 = Debug|Any CPU
		{A1AD8F6A-45F0-428E-80FA-C0E39103E672}.Ad-Hoc|iPhone.ActiveCfg = Debug|Any CPU
		{A1AD8F6A-45F0-428E-80FA-C0E39103E672}.Ad-Hoc|iPhone.Build.0 = Debug|Any CPU
		{A1AD8F6A-45F0-428E-80FA-C0E39103E672}.Ad-Hoc|iPhoneSimulator.ActiveCfg = Debug|Any CPU
		{A1AD8F6A-45F0-428E-80FA-C0E39103E672}.Ad-Hoc|iPhoneSimulator.Build.0 = Debug|Any CPU
		{A1AD8F6A-45F0-428E-80FA-C0E39103E672}.Ad-Hoc|x64.ActiveCfg = Debug|Any CPU
		{A1AD8F6A-45F0-428E-80FA-C0E39103E672}.Ad-Hoc|x64.Build.0 = Debug|Any CPU
		{A1AD8F6A-45F0-428E-80FA-C0E39103E672}.Ad-Hoc|x86.ActiveCfg = Debug|Any CPU
		{A1AD8F6A-45F0-428E-80FA-C0E39103E672}.Ad-Hoc|x86.Build.0 = Debug|Any CPU
		{A1AD8F6A-45F0-428E-80FA-C0E39103E672}.AppStore|Any CPU.ActiveCfg = Debug|Any CPU
		{A1AD8F6A-45F0-428E-80FA-C0E39103E672}.AppStore|Any CPU.Build.0 = Debug|Any CPU
		{A1AD8F6A-45F0-428E-80FA-C0E39103E672}.AppStore|ARM.ActiveCfg = Debug|Any CPU
		{A1AD8F6A-45F0-428E-80FA-C0E39103E672}.AppStore|ARM.Build.0 = Debug|Any CPU
		{A1AD8F6A-45F0-428E-80FA-C0E39103E672}.AppStore|iPhone.ActiveCfg = Debug|Any CPU
		{A1AD8F6A-45F0-428E-80FA-C0E39103E672}.AppStore|iPhone.Build.0 = Debug|Any CPU
		{A1AD8F6A-45F0-428E-80FA-C0E39103E672}.AppStore|iPhoneSimulator.ActiveCfg = Debug|Any CPU
		{A1AD8F6A-45F0-428E-80FA-C0E39103E672}.AppStore|iPhoneSimulator.Build.0 = Debug|Any CPU
		{A1AD8F6A-45F0-428E-80FA-C0E39103E672}.AppStore|x64.ActiveCfg = Debug|Any CPU
		{A1AD8F6A-45F0-428E-80FA-C0E39103E672}.AppStore|x64.Build.0 = Debug|Any CPU
		{A1AD8F6A-45F0-428E-80FA-C0E39103E672}.AppStore|x86.ActiveCfg = Debug|Any CPU
		{A1AD8F6A-45F0-428E-80FA-C0E39103E672}.AppStore|x86.Build.0 = Debug|Any CPU
		{A1AD8F6A-45F0-428E-80FA-C0E39103E672}.Debug|Any CPU.ActiveCfg = Debug|Any CPU
		{A1AD8F6A-45F0-428E-80FA-C0E39103E672}.Debug|Any CPU.Build.0 = Debug|Any CPU
		{A1AD8F6A-45F0-428E-80FA-C0E39103E672}.Debug|ARM.ActiveCfg = Debug|Any CPU
		{A1AD8F6A-45F0-428E-80FA-C0E39103E672}.Debug|ARM.Build.0 = Debug|Any CPU
		{A1AD8F6A-45F0-428E-80FA-C0E39103E672}.Debug|iPhone.ActiveCfg = Debug|Any CPU
		{A1AD8F6A-45F0-428E-80FA-C0E39103E672}.Debug|iPhone.Build.0 = Debug|Any CPU
		{A1AD8F6A-45F0-428E-80FA-C0E39103E672}.Debug|iPhoneSimulator.ActiveCfg = Debug|Any CPU
		{A1AD8F6A-45F0-428E-80FA-C0E39103E672}.Debug|iPhoneSimulator.Build.0 = Debug|Any CPU
		{A1AD8F6A-45F0-428E-80FA-C0E39103E672}.Debug|x64.ActiveCfg = Debug|Any CPU
		{A1AD8F6A-45F0-428E-80FA-C0E39103E672}.Debug|x64.Build.0 = Debug|Any CPU
		{A1AD8F6A-45F0-428E-80FA-C0E39103E672}.Debug|x86.ActiveCfg = Debug|Any CPU
		{A1AD8F6A-45F0-428E-80FA-C0E39103E672}.Debug|x86.Build.0 = Debug|Any CPU
		{A1AD8F6A-45F0-428E-80FA-C0E39103E672}.PlayStoreRelease|Any CPU.ActiveCfg = Release|Any CPU
		{A1AD8F6A-45F0-428E-80FA-C0E39103E672}.PlayStoreRelease|Any CPU.Build.0 = Release|Any CPU
		{A1AD8F6A-45F0-428E-80FA-C0E39103E672}.PlayStoreRelease|ARM.ActiveCfg = Release|Any CPU
		{A1AD8F6A-45F0-428E-80FA-C0E39103E672}.PlayStoreRelease|ARM.Build.0 = Release|Any CPU
		{A1AD8F6A-45F0-428E-80FA-C0E39103E672}.PlayStoreRelease|iPhone.ActiveCfg = Release|Any CPU
		{A1AD8F6A-45F0-428E-80FA-C0E39103E672}.PlayStoreRelease|iPhone.Build.0 = Release|Any CPU
		{A1AD8F6A-45F0-428E-80FA-C0E39103E672}.PlayStoreRelease|iPhoneSimulator.ActiveCfg = Release|Any CPU
		{A1AD8F6A-45F0-428E-80FA-C0E39103E672}.PlayStoreRelease|iPhoneSimulator.Build.0 = Release|Any CPU
		{A1AD8F6A-45F0-428E-80FA-C0E39103E672}.PlayStoreRelease|x64.ActiveCfg = Release|Any CPU
		{A1AD8F6A-45F0-428E-80FA-C0E39103E672}.PlayStoreRelease|x64.Build.0 = Release|Any CPU
		{A1AD8F6A-45F0-428E-80FA-C0E39103E672}.PlayStoreRelease|x86.ActiveCfg = Release|Any CPU
		{A1AD8F6A-45F0-428E-80FA-C0E39103E672}.PlayStoreRelease|x86.Build.0 = Release|Any CPU
		{A1AD8F6A-45F0-428E-80FA-C0E39103E672}.Release|Any CPU.ActiveCfg = Release|Any CPU
		{A1AD8F6A-45F0-428E-80FA-C0E39103E672}.Release|Any CPU.Build.0 = Release|Any CPU
		{A1AD8F6A-45F0-428E-80FA-C0E39103E672}.Release|ARM.ActiveCfg = Release|Any CPU
		{A1AD8F6A-45F0-428E-80FA-C0E39103E672}.Release|ARM.Build.0 = Release|Any CPU
		{A1AD8F6A-45F0-428E-80FA-C0E39103E672}.Release|iPhone.ActiveCfg = Release|Any CPU
		{A1AD8F6A-45F0-428E-80FA-C0E39103E672}.Release|iPhone.Build.0 = Release|Any CPU
		{A1AD8F6A-45F0-428E-80FA-C0E39103E672}.Release|iPhoneSimulator.ActiveCfg = Release|Any CPU
		{A1AD8F6A-45F0-428E-80FA-C0E39103E672}.Release|iPhoneSimulator.Build.0 = Release|Any CPU
		{A1AD8F6A-45F0-428E-80FA-C0E39103E672}.Release|x64.ActiveCfg = Release|Any CPU
		{A1AD8F6A-45F0-428E-80FA-C0E39103E672}.Release|x64.Build.0 = Release|Any CPU
		{A1AD8F6A-45F0-428E-80FA-C0E39103E672}.Release|x86.ActiveCfg = Release|Any CPU
		{A1AD8F6A-45F0-428E-80FA-C0E39103E672}.Release|x86.Build.0 = Release|Any CPU
		{84B05708-5254-43AC-9BD8-4C290995F8A8}.Ad-Hoc|Any CPU.ActiveCfg = Release|Any CPU
		{84B05708-5254-43AC-9BD8-4C290995F8A8}.Ad-Hoc|Any CPU.Build.0 = Release|Any CPU
		{84B05708-5254-43AC-9BD8-4C290995F8A8}.Ad-Hoc|Any CPU.Deploy.0 = Release|Any CPU
		{84B05708-5254-43AC-9BD8-4C290995F8A8}.Ad-Hoc|ARM.ActiveCfg = Release|Any CPU
		{84B05708-5254-43AC-9BD8-4C290995F8A8}.Ad-Hoc|ARM.Build.0 = Release|Any CPU
		{84B05708-5254-43AC-9BD8-4C290995F8A8}.Ad-Hoc|ARM.Deploy.0 = Release|Any CPU
		{84B05708-5254-43AC-9BD8-4C290995F8A8}.Ad-Hoc|iPhone.ActiveCfg = Release|Any CPU
		{84B05708-5254-43AC-9BD8-4C290995F8A8}.Ad-Hoc|iPhone.Build.0 = Release|Any CPU
		{84B05708-5254-43AC-9BD8-4C290995F8A8}.Ad-Hoc|iPhone.Deploy.0 = Release|Any CPU
		{84B05708-5254-43AC-9BD8-4C290995F8A8}.Ad-Hoc|iPhoneSimulator.ActiveCfg = Release|Any CPU
		{84B05708-5254-43AC-9BD8-4C290995F8A8}.Ad-Hoc|iPhoneSimulator.Build.0 = Release|Any CPU
		{84B05708-5254-43AC-9BD8-4C290995F8A8}.Ad-Hoc|iPhoneSimulator.Deploy.0 = Release|Any CPU
		{84B05708-5254-43AC-9BD8-4C290995F8A8}.Ad-Hoc|x64.ActiveCfg = Release|Any CPU
		{84B05708-5254-43AC-9BD8-4C290995F8A8}.Ad-Hoc|x64.Build.0 = Release|Any CPU
		{84B05708-5254-43AC-9BD8-4C290995F8A8}.Ad-Hoc|x64.Deploy.0 = Release|Any CPU
		{84B05708-5254-43AC-9BD8-4C290995F8A8}.Ad-Hoc|x86.ActiveCfg = Release|Any CPU
		{84B05708-5254-43AC-9BD8-4C290995F8A8}.Ad-Hoc|x86.Build.0 = Release|Any CPU
		{84B05708-5254-43AC-9BD8-4C290995F8A8}.Ad-Hoc|x86.Deploy.0 = Release|Any CPU
		{84B05708-5254-43AC-9BD8-4C290995F8A8}.AppStore|Any CPU.ActiveCfg = Release|Any CPU
		{84B05708-5254-43AC-9BD8-4C290995F8A8}.AppStore|Any CPU.Build.0 = Release|Any CPU
		{84B05708-5254-43AC-9BD8-4C290995F8A8}.AppStore|Any CPU.Deploy.0 = Release|Any CPU
		{84B05708-5254-43AC-9BD8-4C290995F8A8}.AppStore|ARM.ActiveCfg = Release|Any CPU
		{84B05708-5254-43AC-9BD8-4C290995F8A8}.AppStore|ARM.Build.0 = Release|Any CPU
		{84B05708-5254-43AC-9BD8-4C290995F8A8}.AppStore|ARM.Deploy.0 = Release|Any CPU
		{84B05708-5254-43AC-9BD8-4C290995F8A8}.AppStore|iPhone.ActiveCfg = Release|Any CPU
		{84B05708-5254-43AC-9BD8-4C290995F8A8}.AppStore|iPhone.Build.0 = Release|Any CPU
		{84B05708-5254-43AC-9BD8-4C290995F8A8}.AppStore|iPhone.Deploy.0 = Release|Any CPU
		{84B05708-5254-43AC-9BD8-4C290995F8A8}.AppStore|iPhoneSimulator.ActiveCfg = Release|Any CPU
		{84B05708-5254-43AC-9BD8-4C290995F8A8}.AppStore|iPhoneSimulator.Build.0 = Release|Any CPU
		{84B05708-5254-43AC-9BD8-4C290995F8A8}.AppStore|iPhoneSimulator.Deploy.0 = Release|Any CPU
		{84B05708-5254-43AC-9BD8-4C290995F8A8}.AppStore|x64.ActiveCfg = Release|Any CPU
		{84B05708-5254-43AC-9BD8-4C290995F8A8}.AppStore|x64.Build.0 = Release|Any CPU
		{84B05708-5254-43AC-9BD8-4C290995F8A8}.AppStore|x64.Deploy.0 = Release|Any CPU
		{84B05708-5254-43AC-9BD8-4C290995F8A8}.AppStore|x86.ActiveCfg = Release|Any CPU
		{84B05708-5254-43AC-9BD8-4C290995F8A8}.AppStore|x86.Build.0 = Release|Any CPU
		{84B05708-5254-43AC-9BD8-4C290995F8A8}.AppStore|x86.Deploy.0 = Release|Any CPU
		{84B05708-5254-43AC-9BD8-4C290995F8A8}.Debug|Any CPU.ActiveCfg = Debug|Any CPU
		{84B05708-5254-43AC-9BD8-4C290995F8A8}.Debug|Any CPU.Build.0 = Debug|Any CPU
		{84B05708-5254-43AC-9BD8-4C290995F8A8}.Debug|Any CPU.Deploy.0 = Debug|Any CPU
		{84B05708-5254-43AC-9BD8-4C290995F8A8}.Debug|ARM.ActiveCfg = Debug|Any CPU
		{84B05708-5254-43AC-9BD8-4C290995F8A8}.Debug|ARM.Build.0 = Debug|Any CPU
		{84B05708-5254-43AC-9BD8-4C290995F8A8}.Debug|ARM.Deploy.0 = Debug|Any CPU
		{84B05708-5254-43AC-9BD8-4C290995F8A8}.Debug|iPhone.ActiveCfg = Debug|Any CPU
		{84B05708-5254-43AC-9BD8-4C290995F8A8}.Debug|iPhone.Build.0 = Debug|Any CPU
		{84B05708-5254-43AC-9BD8-4C290995F8A8}.Debug|iPhone.Deploy.0 = Debug|Any CPU
		{84B05708-5254-43AC-9BD8-4C290995F8A8}.Debug|iPhoneSimulator.ActiveCfg = Debug|Any CPU
		{84B05708-5254-43AC-9BD8-4C290995F8A8}.Debug|iPhoneSimulator.Build.0 = Debug|Any CPU
		{84B05708-5254-43AC-9BD8-4C290995F8A8}.Debug|iPhoneSimulator.Deploy.0 = Debug|Any CPU
		{84B05708-5254-43AC-9BD8-4C290995F8A8}.Debug|x64.ActiveCfg = Debug|Any CPU
		{84B05708-5254-43AC-9BD8-4C290995F8A8}.Debug|x64.Build.0 = Debug|Any CPU
		{84B05708-5254-43AC-9BD8-4C290995F8A8}.Debug|x64.Deploy.0 = Debug|Any CPU
		{84B05708-5254-43AC-9BD8-4C290995F8A8}.Debug|x86.ActiveCfg = Debug|Any CPU
		{84B05708-5254-43AC-9BD8-4C290995F8A8}.Debug|x86.Build.0 = Debug|Any CPU
		{84B05708-5254-43AC-9BD8-4C290995F8A8}.Debug|x86.Deploy.0 = Debug|Any CPU
		{84B05708-5254-43AC-9BD8-4C290995F8A8}.PlayStoreRelease|Any CPU.ActiveCfg = Release|Any CPU
		{84B05708-5254-43AC-9BD8-4C290995F8A8}.PlayStoreRelease|Any CPU.Build.0 = Release|Any CPU
		{84B05708-5254-43AC-9BD8-4C290995F8A8}.PlayStoreRelease|Any CPU.Deploy.0 = Release|Any CPU
		{84B05708-5254-43AC-9BD8-4C290995F8A8}.PlayStoreRelease|ARM.ActiveCfg = Release|Any CPU
		{84B05708-5254-43AC-9BD8-4C290995F8A8}.PlayStoreRelease|ARM.Build.0 = Release|Any CPU
		{84B05708-5254-43AC-9BD8-4C290995F8A8}.PlayStoreRelease|ARM.Deploy.0 = Release|Any CPU
		{84B05708-5254-43AC-9BD8-4C290995F8A8}.PlayStoreRelease|iPhone.ActiveCfg = Release|Any CPU
		{84B05708-5254-43AC-9BD8-4C290995F8A8}.PlayStoreRelease|iPhone.Build.0 = Release|Any CPU
		{84B05708-5254-43AC-9BD8-4C290995F8A8}.PlayStoreRelease|iPhone.Deploy.0 = Release|Any CPU
		{84B05708-5254-43AC-9BD8-4C290995F8A8}.PlayStoreRelease|iPhoneSimulator.ActiveCfg = Release|Any CPU
		{84B05708-5254-43AC-9BD8-4C290995F8A8}.PlayStoreRelease|iPhoneSimulator.Build.0 = Release|Any CPU
		{84B05708-5254-43AC-9BD8-4C290995F8A8}.PlayStoreRelease|iPhoneSimulator.Deploy.0 = Release|Any CPU
		{84B05708-5254-43AC-9BD8-4C290995F8A8}.PlayStoreRelease|x64.ActiveCfg = Release|Any CPU
		{84B05708-5254-43AC-9BD8-4C290995F8A8}.PlayStoreRelease|x64.Build.0 = Release|Any CPU
		{84B05708-5254-43AC-9BD8-4C290995F8A8}.PlayStoreRelease|x64.Deploy.0 = Release|Any CPU
		{84B05708-5254-43AC-9BD8-4C290995F8A8}.PlayStoreRelease|x86.ActiveCfg = Release|Any CPU
		{84B05708-5254-43AC-9BD8-4C290995F8A8}.PlayStoreRelease|x86.Build.0 = Release|Any CPU
		{84B05708-5254-43AC-9BD8-4C290995F8A8}.PlayStoreRelease|x86.Deploy.0 = Release|Any CPU
		{84B05708-5254-43AC-9BD8-4C290995F8A8}.Release|Any CPU.ActiveCfg = Release|Any CPU
		{84B05708-5254-43AC-9BD8-4C290995F8A8}.Release|Any CPU.Build.0 = Release|Any CPU
		{84B05708-5254-43AC-9BD8-4C290995F8A8}.Release|Any CPU.Deploy.0 = Release|Any CPU
		{84B05708-5254-43AC-9BD8-4C290995F8A8}.Release|ARM.ActiveCfg = Release|Any CPU
		{84B05708-5254-43AC-9BD8-4C290995F8A8}.Release|ARM.Build.0 = Release|Any CPU
		{84B05708-5254-43AC-9BD8-4C290995F8A8}.Release|ARM.Deploy.0 = Release|Any CPU
		{84B05708-5254-43AC-9BD8-4C290995F8A8}.Release|iPhone.ActiveCfg = Release|Any CPU
		{84B05708-5254-43AC-9BD8-4C290995F8A8}.Release|iPhone.Build.0 = Release|Any CPU
		{84B05708-5254-43AC-9BD8-4C290995F8A8}.Release|iPhone.Deploy.0 = Release|Any CPU
		{84B05708-5254-43AC-9BD8-4C290995F8A8}.Release|iPhoneSimulator.ActiveCfg = Release|Any CPU
		{84B05708-5254-43AC-9BD8-4C290995F8A8}.Release|iPhoneSimulator.Build.0 = Release|Any CPU
		{84B05708-5254-43AC-9BD8-4C290995F8A8}.Release|iPhoneSimulator.Deploy.0 = Release|Any CPU
		{84B05708-5254-43AC-9BD8-4C290995F8A8}.Release|x64.ActiveCfg = Release|Any CPU
		{84B05708-5254-43AC-9BD8-4C290995F8A8}.Release|x64.Build.0 = Release|Any CPU
		{84B05708-5254-43AC-9BD8-4C290995F8A8}.Release|x64.Deploy.0 = Release|Any CPU
		{84B05708-5254-43AC-9BD8-4C290995F8A8}.Release|x86.ActiveCfg = Release|Any CPU
		{84B05708-5254-43AC-9BD8-4C290995F8A8}.Release|x86.Build.0 = Release|Any CPU
		{84B05708-5254-43AC-9BD8-4C290995F8A8}.Release|x86.Deploy.0 = Release|Any CPU
		{123307E4-3BD5-4B78-ABFC-3375FA0E356D}.Ad-Hoc|Any CPU.ActiveCfg = Ad-Hoc|iPhone
		{123307E4-3BD5-4B78-ABFC-3375FA0E356D}.Ad-Hoc|ARM.ActiveCfg = Ad-Hoc|iPhone
		{123307E4-3BD5-4B78-ABFC-3375FA0E356D}.Ad-Hoc|iPhone.ActiveCfg = Ad-Hoc|iPhone
		{123307E4-3BD5-4B78-ABFC-3375FA0E356D}.Ad-Hoc|iPhone.Build.0 = Ad-Hoc|iPhone
		{123307E4-3BD5-4B78-ABFC-3375FA0E356D}.Ad-Hoc|iPhoneSimulator.ActiveCfg = Ad-Hoc|iPhoneSimulator
		{123307E4-3BD5-4B78-ABFC-3375FA0E356D}.Ad-Hoc|iPhoneSimulator.Build.0 = Ad-Hoc|iPhoneSimulator
		{123307E4-3BD5-4B78-ABFC-3375FA0E356D}.Ad-Hoc|x64.ActiveCfg = Ad-Hoc|iPhone
		{123307E4-3BD5-4B78-ABFC-3375FA0E356D}.Ad-Hoc|x86.ActiveCfg = Ad-Hoc|iPhone
		{123307E4-3BD5-4B78-ABFC-3375FA0E356D}.AppStore|Any CPU.ActiveCfg = AppStore|iPhone
		{123307E4-3BD5-4B78-ABFC-3375FA0E356D}.AppStore|ARM.ActiveCfg = AppStore|iPhone
		{123307E4-3BD5-4B78-ABFC-3375FA0E356D}.AppStore|iPhone.ActiveCfg = AppStore|iPhone
		{123307E4-3BD5-4B78-ABFC-3375FA0E356D}.AppStore|iPhone.Build.0 = AppStore|iPhone
		{123307E4-3BD5-4B78-ABFC-3375FA0E356D}.AppStore|iPhoneSimulator.ActiveCfg = AppStore|iPhoneSimulator
		{123307E4-3BD5-4B78-ABFC-3375FA0E356D}.AppStore|iPhoneSimulator.Build.0 = AppStore|iPhoneSimulator
		{123307E4-3BD5-4B78-ABFC-3375FA0E356D}.AppStore|x64.ActiveCfg = AppStore|iPhone
		{123307E4-3BD5-4B78-ABFC-3375FA0E356D}.AppStore|x86.ActiveCfg = AppStore|iPhone
		{123307E4-3BD5-4B78-ABFC-3375FA0E356D}.Debug|Any CPU.ActiveCfg = Debug|iPhone
		{123307E4-3BD5-4B78-ABFC-3375FA0E356D}.Debug|ARM.ActiveCfg = Debug|iPhone
		{123307E4-3BD5-4B78-ABFC-3375FA0E356D}.Debug|iPhone.ActiveCfg = Debug|iPhone
		{123307E4-3BD5-4B78-ABFC-3375FA0E356D}.Debug|iPhone.Build.0 = Debug|iPhone
		{123307E4-3BD5-4B78-ABFC-3375FA0E356D}.Debug|iPhone.Deploy.0 = Debug|iPhone
		{123307E4-3BD5-4B78-ABFC-3375FA0E356D}.Debug|iPhoneSimulator.ActiveCfg = Debug|iPhoneSimulator
		{123307E4-3BD5-4B78-ABFC-3375FA0E356D}.Debug|iPhoneSimulator.Build.0 = Debug|iPhoneSimulator
		{123307E4-3BD5-4B78-ABFC-3375FA0E356D}.Debug|x64.ActiveCfg = Debug|iPhone
		{123307E4-3BD5-4B78-ABFC-3375FA0E356D}.Debug|x86.ActiveCfg = Debug|iPhone
		{123307E4-3BD5-4B78-ABFC-3375FA0E356D}.PlayStoreRelease|Any CPU.ActiveCfg = AppStore|iPhone
		{123307E4-3BD5-4B78-ABFC-3375FA0E356D}.PlayStoreRelease|Any CPU.Build.0 = AppStore|iPhone
		{123307E4-3BD5-4B78-ABFC-3375FA0E356D}.PlayStoreRelease|ARM.ActiveCfg = AppStore|iPhone
		{123307E4-3BD5-4B78-ABFC-3375FA0E356D}.PlayStoreRelease|ARM.Build.0 = AppStore|iPhone
		{123307E4-3BD5-4B78-ABFC-3375FA0E356D}.PlayStoreRelease|ARM.Deploy.0 = AppStore|iPhone
		{123307E4-3BD5-4B78-ABFC-3375FA0E356D}.PlayStoreRelease|iPhone.ActiveCfg = Release|iPhone
		{123307E4-3BD5-4B78-ABFC-3375FA0E356D}.PlayStoreRelease|iPhone.Build.0 = Release|iPhone
		{123307E4-3BD5-4B78-ABFC-3375FA0E356D}.PlayStoreRelease|iPhoneSimulator.ActiveCfg = Release|iPhoneSimulator
		{123307E4-3BD5-4B78-ABFC-3375FA0E356D}.PlayStoreRelease|iPhoneSimulator.Build.0 = Release|iPhoneSimulator
		{123307E4-3BD5-4B78-ABFC-3375FA0E356D}.PlayStoreRelease|x64.ActiveCfg = AppStore|iPhone
		{123307E4-3BD5-4B78-ABFC-3375FA0E356D}.PlayStoreRelease|x64.Build.0 = AppStore|iPhone
		{123307E4-3BD5-4B78-ABFC-3375FA0E356D}.PlayStoreRelease|x64.Deploy.0 = AppStore|iPhone
		{123307E4-3BD5-4B78-ABFC-3375FA0E356D}.PlayStoreRelease|x86.ActiveCfg = AppStore|iPhone
		{123307E4-3BD5-4B78-ABFC-3375FA0E356D}.PlayStoreRelease|x86.Build.0 = AppStore|iPhone
		{123307E4-3BD5-4B78-ABFC-3375FA0E356D}.PlayStoreRelease|x86.Deploy.0 = AppStore|iPhone
		{123307E4-3BD5-4B78-ABFC-3375FA0E356D}.Release|Any CPU.ActiveCfg = Release|iPhone
		{123307E4-3BD5-4B78-ABFC-3375FA0E356D}.Release|ARM.ActiveCfg = Release|iPhone
		{123307E4-3BD5-4B78-ABFC-3375FA0E356D}.Release|iPhone.ActiveCfg = Release|iPhone
		{123307E4-3BD5-4B78-ABFC-3375FA0E356D}.Release|iPhone.Build.0 = Release|iPhone
		{123307E4-3BD5-4B78-ABFC-3375FA0E356D}.Release|iPhoneSimulator.ActiveCfg = Release|iPhoneSimulator
		{123307E4-3BD5-4B78-ABFC-3375FA0E356D}.Release|iPhoneSimulator.Build.0 = Release|iPhoneSimulator
		{123307E4-3BD5-4B78-ABFC-3375FA0E356D}.Release|x64.ActiveCfg = Release|iPhone
		{123307E4-3BD5-4B78-ABFC-3375FA0E356D}.Release|x86.ActiveCfg = Release|iPhone
	EndGlobalSection
	GlobalSection(SolutionProperties) = preSolution
		HideSolutionNode = FALSE
	EndGlobalSection
	GlobalSection(NestedProjects) = preSolution
		{699B62D0-C014-4100-8A45-0972D5B8E6EE} = {13B26494-F93B-4DCF-9586-A3F755E29B57}
		{095354FE-7C97-4542-AE44-BBC549A36131} = {13B26494-F93B-4DCF-9586-A3F755E29B57}
		{748DD107-0F44-469F-8904-59E83A846E5A} = {095354FE-7C97-4542-AE44-BBC549A36131}
		{7BCAC03E-3B65-4CF4-9EBB-4EF353276D1C} = {699B62D0-C014-4100-8A45-0972D5B8E6EE}
		{9C38D897-021B-4743-92E4-AE9C0252D17F} = {699B62D0-C014-4100-8A45-0972D5B8E6EE}
		{36A6FDFB-59D3-4618-92DD-0DEB8B6AB501} = {699B62D0-C014-4100-8A45-0972D5B8E6EE}
		{1BE9DD18-AFAF-4F25-A62D-E6BF109C180F} = {699B62D0-C014-4100-8A45-0972D5B8E6EE}
		{D007C2F6-6B6B-40A7-AF96-1AE94BCC0598} = {095354FE-7C97-4542-AE44-BBC549A36131}
		{8DD497E3-7563-41C0-8543-0163F5702591} = {095354FE-7C97-4542-AE44-BBC549A36131}
	EndGlobalSection
	GlobalSection(ExtensibilityGlobals) = postSolution
		SolutionGuid = {10AC51AF-85C2-440C-A664-A70062662262}
	EndGlobalSection
	GlobalSection(SubversionScc) = preSolution
		Svn-Managed = True
		Manager = AnkhSVN - Subversion Support for Visual Studio
	EndGlobalSection
	GlobalSection(MonoDevelopProperties) = preSolution
		StartupItem = Source\Presentation\Presentation.csproj
	EndGlobalSection
EndGlobal
